# This file is automatically @generated by Cargo.
# It is not intended for manual editing.
version = 3

[[package]]
name = "armnod"
version = "0.3.0"
source = "registry+https://github.com/rust-lang/crates.io-index"
checksum = "9fd872fbf11cd2f5314b7dd68b94b68c2d42b2f18cd2d5f7306ebf633bb01c42"
dependencies = [
 "arrrg",
 "arrrg_derive",
 "getopts",
 "guacamole",
 "rand",
]

[[package]]
name = "arrrg"
version = "0.1.4"
source = "registry+https://github.com/rust-lang/crates.io-index"
checksum = "c2361d1b55b0cb5b37d33c2e9fd630e641f5e93fdf4979dbca0bffeaf17ee8e9"
dependencies = [
 "arrrg_derive",
 "getopts",
]

[[package]]
name = "arrrg_derive"
version = "0.1.1"
source = "registry+https://github.com/rust-lang/crates.io-index"
checksum = "67219b59e3f878d1a27122532448fdd47a8ae27b611b9b273032771c738c1195"
dependencies = [
 "derive_util",
 "proc-macro2",
 "quote",
 "syn",
]

[[package]]
name = "biometrics"
version = "0.3.0"
source = "registry+https://github.com/rust-lang/crates.io-index"
checksum = "d7377cdab9830397108431f108e6b48506595057362c631200b0597375746325"

[[package]]
name = "block-buffer"
version = "0.10.4"
source = "registry+https://github.com/rust-lang/crates.io-index"
checksum = "3078c7629b62d3f0439517fa394996acacc5cbc91c5a20d8c658e77abd503a71"
dependencies = [
 "generic-array",
]

[[package]]
name = "buffertk"
version = "0.3.0"
source = "registry+https://github.com/rust-lang/crates.io-index"
checksum = "e481409615dcf90e7dcfde489fc7a379c9fda15279bc3676a348228ca6104d6b"

[[package]]
name = "cfg-if"
version = "1.0.0"
source = "registry+https://github.com/rust-lang/crates.io-index"
checksum = "baf1de4339761588bc0619e3cbc0120ee582ebb74b53b4efbf79117bd2da40fd"

[[package]]
name = "cpufeatures"
version = "0.2.12"
source = "registry+https://github.com/rust-lang/crates.io-index"
checksum = "53fe5e26ff1b7aef8bca9c6080520cfb8d9333c7568e1829cef191a9723e5504"
dependencies = [
 "libc",
]

[[package]]
name = "crc32c"
version = "0.6.5"
source = "registry+https://github.com/rust-lang/crates.io-index"
checksum = "89254598aa9b9fa608de44b3ae54c810f0f06d755e24c50177f1f8f31ff50ce2"
dependencies = [
 "rustc_version",
]

[[package]]
name = "crypto-common"
version = "0.1.6"
source = "registry+https://github.com/rust-lang/crates.io-index"
checksum = "1bfb12502f3fc46cca1bb51ac28df9d618d813cdc3d2f25b9fe775a34af26bb3"
dependencies = [
 "generic-array",
 "typenum",
]

[[package]]
name = "derive_util"
version = "0.1.2"
source = "registry+https://github.com/rust-lang/crates.io-index"
checksum = "cba4f0753500007e845b33c9ed34e9d6642fa6a4979d01aab025fb49f2898505"
dependencies = [
 "proc-macro2",
 "quote",
 "syn",
]

[[package]]
name = "digest"
version = "0.10.7"
source = "registry+https://github.com/rust-lang/crates.io-index"
checksum = "9ed9a281f7bc9b7576e61468ba615a66a5c8cfdff42420a70aa82701a3b1e292"
dependencies = [
 "block-buffer",
 "crypto-common",
]

[[package]]
name = "generic-array"
version = "0.14.7"
source = "registry+https://github.com/rust-lang/crates.io-index"
checksum = "85649ca51fd72272d7821adaf274ad91c288277713d9c18820d8499a7ff69e9a"
dependencies = [
 "typenum",
 "version_check",
]

[[package]]
name = "getopts"
version = "0.2.21"
source = "registry+https://github.com/rust-lang/crates.io-index"
checksum = "14dbbfd5c71d70241ecf9e6f13737f7b5ce823821063188d7e46c41d371eebd5"
dependencies = [
 "unicode-width",
]

[[package]]
name = "getrandom"
version = "0.1.16"
source = "registry+https://github.com/rust-lang/crates.io-index"
checksum = "8fc3cb4d91f53b50155bdcfd23f6a4c39ae1969c2ae85982b135750cccaf5fce"
dependencies = [
 "cfg-if",
 "libc",
 "wasi",
]

[[package]]
name = "guacamole"
version = "0.2.1"
source = "registry+https://github.com/rust-lang/crates.io-index"
checksum = "a9dafa61323bd012f2c9022f06196d0caf809bf73380052b5c889c87ccad2402"
dependencies = [
 "arrrg",
 "arrrg_derive",
 "getopts",
 "rand",
]

[[package]]
name = "image-service-rust"
version = "0.1.0"
dependencies = [
 "sst",
]

[[package]]
name = "libc"
version = "0.2.153"
source = "registry+https://github.com/rust-lang/crates.io-index"
checksum = "9c198f91728a82281a64e1f4f9eeb25d82cb32a5de251c6bd1b5154d63a8e7bd"

[[package]]
name = "one_two_eight"
version = "0.2.0"
source = "registry+https://github.com/rust-lang/crates.io-index"
checksum = "26e9076d347dd036d04116917cecad24d9ba47752031516aeea51af37c23b029"
dependencies = [
 "buffertk",
 "prototk",
]

[[package]]
name = "ppv-lite86"
version = "0.2.17"
source = "registry+https://github.com/rust-lang/crates.io-index"
checksum = "5b40af805b3121feab8a3c29f04d8ad262fa8e0561883e7653e024ae4479e6de"

[[package]]
name = "proc-macro2"
version = "1.0.79"
source = "registry+https://github.com/rust-lang/crates.io-index"
checksum = "e835ff2298f5721608eb1a980ecaee1aef2c132bf95ecc026a11b7bf3c01c02e"
dependencies = [
 "unicode-ident",
]

[[package]]
name = "prototk"
version = "0.2.2"
source = "registry+https://github.com/rust-lang/crates.io-index"
checksum = "83f85f252f92610954548d4c2ab42d637d813b190cca3c2c80bbca3f322feba5"
dependencies = [
 "buffertk",
 "prototk_derive",
 "zerror",
]

[[package]]
name = "prototk_derive"
version = "0.3.0"
source = "registry+https://github.com/rust-lang/crates.io-index"
checksum = "20e7cd697571822b5610359235e6e7a65519f1ea392431877d2210b25379aea2"
dependencies = [
 "buffertk",
 "proc-macro2",
 "quote",
 "syn",
]

[[package]]
name = "quote"
version = "1.0.35"
source = "registry+https://github.com/rust-lang/crates.io-index"
checksum = "291ec9ab5efd934aaf503a6466c5d5251535d108ee747472c3977cc5acc868ef"
dependencies = [
 "proc-macro2",
]

[[package]]
name = "rand"
version = "0.7.3"
source = "registry+https://github.com/rust-lang/crates.io-index"
checksum = "6a6b1679d49b24bbfe0c803429aa1874472f50d9b363131f0e89fc356b544d03"
dependencies = [
 "getrandom",
 "libc",
 "rand_chacha",
 "rand_core",
 "rand_hc",
]

[[package]]
name = "rand_chacha"
version = "0.2.2"
source = "registry+https://github.com/rust-lang/crates.io-index"
checksum = "f4c8ed856279c9737206bf725bf36935d8666ead7aa69b52be55af369d193402"
dependencies = [
 "ppv-lite86",
 "rand_core",
]

[[package]]
name = "rand_core"
version = "0.5.1"
source = "registry+https://github.com/rust-lang/crates.io-index"
checksum = "90bde5296fc891b0cef12a6d03ddccc162ce7b2aff54160af9338f8d40df6d19"
dependencies = [
 "getrandom",
]

[[package]]
name = "rand_hc"
version = "0.2.0"
source = "registry+https://github.com/rust-lang/crates.io-index"
checksum = "ca3129af7b92a17112d59ad498c6f81eaf463253766b90396d39ea7a39d6613c"
dependencies = [
 "rand_core",
]

[[package]]
name = "rustc_version"
version = "0.4.0"
source = "registry+https://github.com/rust-lang/crates.io-index"
checksum = "bfa0f585226d2e68097d4f95d113b15b83a82e819ab25717ec0590d9584ef366"
dependencies = [
 "semver",
]

[[package]]
name = "semver"
version = "1.0.22"
source = "registry+https://github.com/rust-lang/crates.io-index"
checksum = "92d43fe69e652f3df9bdc2b85b2854a0825b86e4fb76bc44d945137d053639ca"

[[package]]
name = "setsum"
version = "0.3.0"
source = "registry+https://github.com/rust-lang/crates.io-index"
checksum = "7b8ef188d15c86fecf92b3e6dd4cc2697ad61daf33301fda37a972c4a9c7cd9d"
dependencies = [
 "sha2",
]

[[package]]
name = "sha2"
version = "0.10.8"
source = "registry+https://github.com/rust-lang/crates.io-index"
checksum = "793db75ad2bcafc3ffa7c68b215fee268f537982cd901d132f89c6343f3a3dc8"
dependencies = [
 "cfg-if",
 "cpufeatures",
 "digest",
]

[[package]]
name = "sst"
version = "0.3.0"
source = "registry+https://github.com/rust-lang/crates.io-index"
checksum = "38c151ebbc15adc2a227033e068ed3f164351297ea93c437185f4533f65ec333"
dependencies = [
 "armnod",
 "arrrg",
 "arrrg_derive",
 "biometrics",
 "buffertk",
 "crc32c",
 "getopts",
 "guacamole",
 "prototk",
 "prototk_derive",
 "rand",
 "setsum",
 "tatl",
 "utilz",
 "zerror",
 "zerror_core",
]

[[package]]
name = "syn"
version = "1.0.109"
source = "registry+https://github.com/rust-lang/crates.io-index"
checksum = "72b64191b275b66ffe2469e8af2c1cfe3bafa67b529ead792a6d0160888b4237"
dependencies = [
 "proc-macro2",
 "quote",
 "unicode-ident",
]

[[package]]
name = "tatl"
version = "0.2.1"
source = "registry+https://github.com/rust-lang/crates.io-index"
checksum = "88493e524080f494306def53e0532cbbc93be7e2e02151c1ee4a17d8c0407af6"
dependencies = [
 "biometrics",
 "one_two_eight",
 "prototk",
 "rand",
]

[[package]]
name = "typenum"
version = "1.17.0"
source = "registry+https://github.com/rust-lang/crates.io-index"
checksum = "42ff0bf0c66b8238c6f3b578df37d0b7848e55df8577b3f74f92a69acceeb825"

[[package]]
name = "unicode-ident"
version = "1.0.12"
source = "registry+https://github.com/rust-lang/crates.io-index"
checksum = "3354b9ac3fae1ff6755cb6db53683adb661634f67557942dea4facebec0fee4b"

[[package]]
name = "unicode-width"
version = "0.1.11"
source = "registry+https://github.com/rust-lang/crates.io-index"
checksum = "e51733f11c9c4f72aa0c160008246859e340b00807569a0da0e7a1079b27ba85"

[[package]]
name = "utilz"
version = "0.1.1"
source = "registry+https://github.com/rust-lang/crates.io-index"
checksum = "de476f9714f8237aa9341a925994ff123aeba9fb2825fe140d9dde09dbd42b6c"
dependencies = [
 "libc",
]

[[package]]
name = "version_check"
version = "0.9.4"
source = "registry+https://github.com/rust-lang/crates.io-index"
checksum = "49874b5167b65d7193b8aba1567f5c7d93d001cafc34600cee003eda787e483f"

[[package]]
name = "wasi"
version = "0.9.0+wasi-snapshot-preview1"
source = "registry+https://github.com/rust-lang/crates.io-index"
checksum = "cccddf32554fecc6acb585f82a32a72e28b48f8c4c1883ddfeeeaa96f7d8e519"

[[package]]
name = "zerror"
version = "0.1.1"
source = "registry+https://github.com/rust-lang/crates.io-index"
checksum = "0bd266861df02509f9bea9a37ac31d34c3c319ab989052d351fb2d1a4944db83"

[[package]]
name = "zerror_core"
version = "0.2.2"
source = "registry+https://github.com/rust-lang/crates.io-index"
checksum = "6f9df014b93e8328281704cf7db334a841e3938503eb2f204a6ffcec60f922a9"
dependencies = [
 "biometrics",
 "buffertk",
 "prototk",
 "prototk_derive",
 "zerror",
]
